
Microsoft Visual Studio Solution File, Format Version 12.00
# Visual Studio Version 17
VisualStudioVersion = 17.14.36202.13 d17.14
MinimumVisualStudioVersion = 10.0.40219.1
Project("{FAE04EC0-301F-11D3-BF4B-00C04F79EFBC}") = "BlazorTest", "BlazorTest.csproj", "{8EF87987-7158-41A4-BC02-64A7A3E958B5}"
EndProject
Global
	GlobalSection(SolutionConfigurationPlatforms) = preSolution
		Debug|Any CPU = Debug|Any CPU
		Release|Any CPU = Release|Any CPU
	EndGlobalSection
	GlobalSection(ProjectConfigurationPlatforms) = postSolution
		{8EF87987-7158-41A4-BC02-64A7A3E958B5}.Debug|Any CPU.ActiveCfg = Debug|Any CPU
		{8EF87987-7158-41A4-BC02-64A7A3E958B5}.Debug|Any CPU.Build.0 = Debug|Any CPU
		{8EF87987-7158-41A4-BC02-64A7A3E958B5}.Release|Any CPU.ActiveCfg = Release|Any CPU
		{8EF87987-7158-41A4-BC02-64A7A3E958B5}.Release|Any CPU.Build.0 = Release|Any CPU
	EndGlobalSection
	GlobalSection(SolutionProperties) = preSolution
		HideSolutionNode = FALSE
	EndGlobalSection
	GlobalSection(ExtensibilityGlobals) = postSolution
		SolutionGuid = {4FB88626-5CC1-44DD-97FE-AA49F538EF68}
	EndGlobalSection
EndGlobal
